
Microsoft Visual Studio Solution File, Format Version 12.00
# Visual Studio Version 17
VisualStudioVersion = 17.7.34024.191
MinimumVisualStudioVersion = 10.0.40219.1
Project("{FAE04EC0-301F-11D3-BF4B-00C04F79EFBC}") = "ConsoleAppWeek4Test2", "ConsoleAppWeek4Test2\ConsoleAppWeek4Test2.csproj", "{4336BD75-1420-4CFA-852D-478E897A49B5}"
EndProject
Global
	GlobalSection(SolutionConfigurationPlatforms) = preSolution
		Debug|Any CPU = Debug|Any CPU
		Release|Any CPU = Release|Any CPU
	EndGlobalSection
	GlobalSection(ProjectConfigurationPlatforms) = postSolution
		{4336BD75-1420-4CFA-852D-478E897A49B5}.Debug|Any CPU.ActiveCfg = Debug|Any CPU
		{4336BD75-1420-4CFA-852D-478E897A49B5}.Debug|Any CPU.Build.0 = Debug|Any CPU
		{4336BD75-1420-4CFA-852D-478E897A49B5}.Release|Any CPU.ActiveCfg = Release|Any CPU
		{4336BD75-1420-4CFA-852D-478E897A49B5}.Release|Any CPU.Build.0 = Release|Any CPU
	EndGlobalSection
	GlobalSection(SolutionProperties) = preSolution
		HideSolutionNode = FALSE
	EndGlobalSection
	GlobalSection(ExtensibilityGlobals) = postSolution
		SolutionGuid = {5500FE12-6365-4261-983E-7692A436816B}
	EndGlobalSection
EndGlobal
